
Microsoft Visual Studio Solution File, Format Version 12.00
# Visual Studio Version 17
VisualStudioVersion = 17.5.33530.505
MinimumVisualStudioVersion = 10.0.40219.1
Project("{8BC9CEB8-8B4A-11D0-8D11-00A0C91BC942}") = "game_cs", "game_cs.vcxproj", "{04D72FDC-852B-4FE9-BDB6-F24C286AF36F}"
EndProject
Global
	GlobalSection(SolutionConfigurationPlatforms) = preSolution
		Debug|x64 = Debug|x64
		Debug|x86 = Debug|x86
		Release|x64 = Release|x64
		Release|x86 = Release|x86
	EndGlobalSection
	GlobalSection(ProjectConfigurationPlatforms) = postSolution
		{04D72FDC-852B-4FE9-BDB6-F24C286AF36F}.Debug|x64.ActiveCfg = Debug|x64
		{04D72FDC-852B-4FE9-BDB6-F24C286AF36F}.Debug|x64.Build.0 = Debug|x64
		{04D72FDC-852B-4FE9-BDB6-F24C286AF36F}.Debug|x86.ActiveCfg = Debug|Win32
		{04D72FDC-852B-4FE9-BDB6-F24C286AF36F}.Debug|x86.Build.0 = Debug|Win32
		{04D72FDC-852B-4FE9-BDB6-F24C286AF36F}.Release|x64.ActiveCfg = Release|x64
		{04D72FDC-852B-4FE9-BDB6-F24C286AF36F}.Release|x64.Build.0 = Release|x64
		{04D72FDC-852B-4FE9-BDB6-F24C286AF36F}.Release|x86.ActiveCfg = Release|Win32
		{04D72FDC-852B-4FE9-BDB6-F24C286AF36F}.Release|x86.Build.0 = Release|Win32
	EndGlobalSection
	GlobalSection(SolutionProperties) = preSolution
		HideSolutionNode = FALSE
	EndGlobalSection
	GlobalSection(ExtensibilityGlobals) = postSolution
		SolutionGuid = {CC3F4320-B5E0-447E-991A-9143B2A48EB8}
	EndGlobalSection
EndGlobal
